
Microsoft Visual Studio Solution File, Format Version 12.00
# Visual Studio Version 17
VisualStudioVersion = 17.4.33213.308
MinimumVisualStudioVersion = 10.0.40219.1
Project("{FAE04EC0-301F-11D3-BF4B-00C04F79EFBC}") = "CalendarManagemenrSystem", "CalendarManagemenrSystem\CalendarManagemenrSystem.csproj", "{DE038B5E-87FE-4D57-8812-F71258A168D2}"
EndProject
Global
	GlobalSection(SolutionConfigurationPlatforms) = preSolution
		Debug|Any CPU = Debug|Any CPU
		Release|Any CPU = Release|Any CPU
	EndGlobalSection
	GlobalSection(ProjectConfigurationPlatforms) = postSolution
		{DE038B5E-87FE-4D57-8812-F71258A168D2}.Debug|Any CPU.ActiveCfg = Debug|Any CPU
		{DE038B5E-87FE-4D57-8812-F71258A168D2}.Debug|Any CPU.Build.0 = Debug|Any CPU
		{DE038B5E-87FE-4D57-8812-F71258A168D2}.Release|Any CPU.ActiveCfg = Release|Any CPU
		{DE038B5E-87FE-4D57-8812-F71258A168D2}.Release|Any CPU.Build.0 = Release|Any CPU
	EndGlobalSection
	GlobalSection(SolutionProperties) = preSolution
		HideSolutionNode = FALSE
	EndGlobalSection
	GlobalSection(ExtensibilityGlobals) = postSolution
		SolutionGuid = {32594FCB-28FC-4256-8346-12DA37810DA1}
	EndGlobalSection
EndGlobal
